
Microsoft Visual Studio Solution File, Format Version 12.00
# Visual Studio 15
VisualStudioVersion = 15.0.27130.2010
MinimumVisualStudioVersion = 10.0.40219.1
Project("{FAE04EC0-301F-11D3-BF4B-00C04F79EFBC}") = "HerseyBurada.Entities", "HerseyBurada.Entities\HerseyBurada.Entities.csproj", "{7E533527-39CB-49A5-A14A-2F165FF07E1F}"
EndProject
Project("{FAE04EC0-301F-11D3-BF4B-00C04F79EFBC}") = "HerseyBurada.DataAccess", "HerseyBurada.DataAccess\HerseyBurada.DataAccess.csproj", "{93597074-5434-424B-B6F9-310F53C2D7D4}"
EndProject
Project("{FAE04EC0-301F-11D3-BF4B-00C04F79EFBC}") = "HerseyBurada.Business", "HerseyBurada.Business\HerseyBurada.Business.csproj", "{1216CAA6-C8B4-4FDB-A28B-DCE8249289E2}"
EndProject
Project("{FAE04EC0-301F-11D3-BF4B-00C04F79EFBC}") = "HerseyBurada.WebMVC", "HerseyBurada.WebMVC\HerseyBurada.WebMVC.csproj", "{86723A9B-EED6-4C64-AED2-A3AC39BEE4D2}"
EndProject
Global
	GlobalSection(SolutionConfigurationPlatforms) = preSolution
		Debug|Any CPU = Debug|Any CPU
		Release|Any CPU = Release|Any CPU
	EndGlobalSection
	GlobalSection(ProjectConfigurationPlatforms) = postSolution
		{7E533527-39CB-49A5-A14A-2F165FF07E1F}.Debug|Any CPU.ActiveCfg = Debug|Any CPU
		{7E533527-39CB-49A5-A14A-2F165FF07E1F}.Debug|Any CPU.Build.0 = Debug|Any CPU
		{7E533527-39CB-49A5-A14A-2F165FF07E1F}.Release|Any CPU.ActiveCfg = Release|Any CPU
		{7E533527-39CB-49A5-A14A-2F165FF07E1F}.Release|Any CPU.Build.0 = Release|Any CPU
		{93597074-5434-424B-B6F9-310F53C2D7D4}.Debug|Any CPU.ActiveCfg = Debug|Any CPU
		{93597074-5434-424B-B6F9-310F53C2D7D4}.Debug|Any CPU.Build.0 = Debug|Any CPU
		{93597074-5434-424B-B6F9-310F53C2D7D4}.Release|Any CPU.ActiveCfg = Release|Any CPU
		{93597074-5434-424B-B6F9-310F53C2D7D4}.Release|Any CPU.Build.0 = Release|Any CPU
		{1216CAA6-C8B4-4FDB-A28B-DCE8249289E2}.Debug|Any CPU.ActiveCfg = Debug|Any CPU
		{1216CAA6-C8B4-4FDB-A28B-DCE8249289E2}.Debug|Any CPU.Build.0 = Debug|Any CPU
		{1216CAA6-C8B4-4FDB-A28B-DCE8249289E2}.Release|Any CPU.ActiveCfg = Release|Any CPU
		{1216CAA6-C8B4-4FDB-A28B-DCE8249289E2}.Release|Any CPU.Build.0 = Release|Any CPU
		{86723A9B-EED6-4C64-AED2-A3AC39BEE4D2}.Debug|Any CPU.ActiveCfg = Debug|Any CPU
		{86723A9B-EED6-4C64-AED2-A3AC39BEE4D2}.Debug|Any CPU.Build.0 = Debug|Any CPU
		{86723A9B-EED6-4C64-AED2-A3AC39BEE4D2}.Release|Any CPU.ActiveCfg = Release|Any CPU
		{86723A9B-EED6-4C64-AED2-A3AC39BEE4D2}.Release|Any CPU.Build.0 = Release|Any CPU
	EndGlobalSection
	GlobalSection(SolutionProperties) = preSolution
		HideSolutionNode = FALSE
	EndGlobalSection
	GlobalSection(ExtensibilityGlobals) = postSolution
		SolutionGuid = {39FBD7C6-8B8B-4FD2-9AFC-167D9A6506DE}
	EndGlobalSection
EndGlobal
